
Microsoft Visual Studio Solution File, Format Version 12.00
# Visual Studio Express 15 for Windows Desktop
VisualStudioVersion = 15.0.27004.2006
MinimumVisualStudioVersion = 10.0.40219.1
Project("{FAE04EC0-301F-11D3-BF4B-00C04F79EFBC}") = "Neo4jHelloWorld", "Neo4jHelloWorld\Neo4jHelloWorld.csproj", "{DFF2E18C-2AFF-4B8A-AA84-A6ADFD923E85}"
EndProject
Global
	GlobalSection(SolutionConfigurationPlatforms) = preSolution
		Debug|Any CPU = Debug|Any CPU
		Release|Any CPU = Release|Any CPU
	EndGlobalSection
	GlobalSection(ProjectConfigurationPlatforms) = postSolution
		{DFF2E18C-2AFF-4B8A-AA84-A6ADFD923E85}.Debug|Any CPU.ActiveCfg = Debug|Any CPU
		{DFF2E18C-2AFF-4B8A-AA84-A6ADFD923E85}.Debug|Any CPU.Build.0 = Debug|Any CPU
		{DFF2E18C-2AFF-4B8A-AA84-A6ADFD923E85}.Release|Any CPU.ActiveCfg = Release|Any CPU
		{DFF2E18C-2AFF-4B8A-AA84-A6ADFD923E85}.Release|Any CPU.Build.0 = Release|Any CPU
	EndGlobalSection
	GlobalSection(SolutionProperties) = preSolution
		HideSolutionNode = FALSE
	EndGlobalSection
	GlobalSection(ExtensibilityGlobals) = postSolution
		SolutionGuid = {A3514A60-82F7-419A-A253-CAF75E72B535}
	EndGlobalSection
EndGlobal
